
Microsoft Visual Studio Solution File, Format Version 10.00
# Visual Studio 2008
Project("{FAE04EC0-301F-11D3-BF4B-00C04F79EFBC}") = "PHD_AutoSeed", "PHD_AutoSeed\PHD_AutoSeed.csproj", "{2D0B6978-DEBE-4C3D-9D8D-323B1521EA0D}"
EndProject
Global
	GlobalSection(SolutionConfigurationPlatforms) = preSolution
		Debug|Any CPU = Debug|Any CPU
		Release|Any CPU = Release|Any CPU
	EndGlobalSection
	GlobalSection(ProjectConfigurationPlatforms) = postSolution
		{2D0B6978-DEBE-4C3D-9D8D-323B1521EA0D}.Debug|Any CPU.ActiveCfg = Debug|Any CPU
		{2D0B6978-DEBE-4C3D-9D8D-323B1521EA0D}.Debug|Any CPU.Build.0 = Debug|Any CPU
		{2D0B6978-DEBE-4C3D-9D8D-323B1521EA0D}.Release|Any CPU.ActiveCfg = Release|Any CPU
		{2D0B6978-DEBE-4C3D-9D8D-323B1521EA0D}.Release|Any CPU.Build.0 = Release|Any CPU
	EndGlobalSection
	GlobalSection(SolutionProperties) = preSolution
		HideSolutionNode = FALSE
	EndGlobalSection
EndGlobal
